{
  "name": "bitcoinconverter-vuejs",
  "version": "1.0.0",
  "lockfileVersion": 1,
  "requires": true,
  "dependencies": {
    "bootstrap": {
      "version": "4.2.1",
      "resolved": "https://registry.npmjs.org/bootstrap/-/bootstrap-4.2.1.tgz",
      "integrity": "sha512-tt/7vIv3Gm2mnd/WeDx36nfGGHleil0Wg8IeB7eMrVkY0fZ5iTaBisSh8oNANc2IBsCc6vCgCNTIM/IEN0+50Q=="
    },
    "vee-validate": {
      "version": "2.1.5",
      "resolved": "https://registry.npmjs.org/vee-validate/-/vee-validate-2.1.5.tgz",
      "integrity": "sha512-ygo3uQZrCZjFQcZ/AcFI5UZ3ouaNxtsrs+3o/u4yd3TeZveMwYBI3v6+uKbk2aHmNV6jXLl/aj5BTZTYaf73Lw=="
    },
    "vue": {
      "version": "2.5.21",
      "resolved": "https://registry.npmjs.org/vue/-/vue-2.5.21.tgz",
      "integrity": "sha512-Aejvyyfhn0zjVeLvXd70h4hrE4zZDx1wfZqia6ekkobLmUZ+vNFQer53B4fu0EjWBSiqApxPejzkO1Znt3joxQ=="
    }
  }
}
